// !$*UTF8*$!
{
	archiveVersion = 1;
	classes = {
	};
	objectVersion = 50;
	objects = {

/* Begin PBXBuildFile section */
		A5CE29862109086900DE9030 /* AppDelegate.swift in Sources */ = {isa = PBXBuildFile; fileRef = A5CE29852109086900DE9030 /* AppDelegate.swift */; };
		A5CE29882109086900DE9030 /* ViewController.swift in Sources */ = {isa = PBXBuildFile; fileRef = A5CE29872109086900DE9030 /* ViewController.swift */; };
		A5CE298B2109086900DE9030 /* Main.storyboard in Resources */ = {isa = PBXBuildFile; fileRef = A5CE29892109086900DE9030 /* Main.storyboard */; };
		A5CE298D2109086A00DE9030 /* Assets.xcassets in Resources */ = {isa = PBXBuildFile; fileRef = A5CE298C2109086A00DE9030 /* Assets.xcassets */; };
		A5CE29902109086A00DE9030 /* LaunchScreen.storyboard in Resources */ = {isa = PBXBuildFile; fileRef = A5CE298E2109086A00DE9030 /* LaunchScreen.storyboard */; };
		A5CE299A210908C600DE9030 /* SchemaFactory.swift in Sources */ = {isa = PBXBuildFile; fileRef = A5CE2998210908C500DE9030 /* SchemaFactory.swift */; };
		A5CE299B210908C600DE9030 /* DynamicTileLayout.swift in Sources */ = {isa = PBXBuildFile; fileRef = A5CE2999210908C500DE9030 /* DynamicTileLayout.swift */; };
		A5CE299D21090A8F00DE9030 /* CollectionCell.swift in Sources */ = {isa = PBXBuildFile; fileRef = A5CE299C21090A8F00DE9030 /* CollectionCell.swift */; };
/* End PBXBuildFile section */

/* Begin PBXFileReference section */
		A5CE29822109086800DE9030 /* MHMozaic.app */ = {isa = PBXFileReference; explicitFileType = wrapper.application; includeInIndex = 0; path = MHMozaic.app; sourceTree = BUILT_PRODUCTS_DIR; };
		A5CE29852109086900DE9030 /* AppDelegate.swift */ = {isa = PBXFileReference; lastKnownFileType = sourcecode.swift; path = AppDelegate.swift; sourceTree = "<group>"; };
		A5CE29872109086900DE9030 /* ViewController.swift */ = {isa = PBXFileReference; lastKnownFileType = sourcecode.swift; path = ViewController.swift; sourceTree = "<group>"; };
		A5CE298A2109086900DE9030 /* Base */ = {isa = PBXFileReference; lastKnownFileType = file.storyboard; name = Base; path = Base.lproj/Main.storyboard; sourceTree = "<group>"; };
		A5CE298C2109086A00DE9030 /* Assets.xcassets */ = {isa = PBXFileReference; lastKnownFileType = folder.assetcatalog; path = Assets.xcassets; sourceTree = "<group>"; };
		A5CE298F2109086A00DE9030 /* Base */ = {isa = PBXFileReference; lastKnownFileType = file.storyboard; name = Base; path = Base.lproj/LaunchScreen.storyboard; sourceTree = "<group>"; };
		A5CE29912109086A00DE9030 /* Info.plist */ = {isa = PBXFileReference; lastKnownFileType = text.plist.xml; path = Info.plist; sourceTree = "<group>"; };
		A5CE2998210908C500DE9030 /* SchemaFactory.swift */ = {isa = PBXFileReference; fileEncoding = 4; lastKnownFileType = sourcecode.swift; path = SchemaFactory.swift; sourceTree = "<group>"; };
		A5CE2999210908C500DE9030 /* DynamicTileLayout.swift */ = {isa = PBXFileReference; fileEncoding = 4; lastKnownFileType = sourcecode.swift; path = DynamicTileLayout.swift; sourceTree = "<group>"; };
		A5CE299C21090A8F00DE9030 /* CollectionCell.swift */ = {isa = PBXFileReference; lastKnownFileType = sourcecode.swift; path = CollectionCell.swift; sourceTree = "<group>"; };
/* End PBXFileReference section */

/* Begin PBXFrameworksBuildPhase section */
		A5CE297F2109086800DE9030 /* Frameworks */ = {
			isa = PBXFrameworksBuildPhase;
			buildActionMask = 2147483647;
			files = (
			);
			runOnlyForDeploymentPostprocessing = 0;
		};
/* End PBXFrameworksBuildPhase section */

/* Begin PBXGroup section */
		A5CE29792109086800DE9030 = {
			isa = PBXGroup;
			children = (
				A5CE29842109086800DE9030 /* MHMozaic */,
				A5CE29832109086800DE9030 /* Products */,
			);
			sourceTree = "<group>";
		};
		A5CE29832109086800DE9030 /* Products */ = {
			isa = PBXGroup;
			children = (
				A5CE29822109086800DE9030 /* MHMozaic.app */,
			);
			name = Products;
			sourceTree = "<group>";
		};
		A5CE29842109086800DE9030 /* MHMozaic */ = {
			isa = PBXGroup;
			children = (
				A5CE29972109087300DE9030 /* Source */,
				A5CE29852109086900DE9030 /* AppDelegate.swift */,
				A5CE29872109086900DE9030 /* ViewController.swift */,
				A5CE299C21090A8F00DE9030 /* CollectionCell.swift */,
				A5CE29892109086900DE9030 /* Main.storyboard */,
				A5CE298C2109086A00DE9030 /* Assets.xcassets */,
				A5CE298E2109086A00DE9030 /* LaunchScreen.storyboard */,
				A5CE29912109086A00DE9030 /* Info.plist */,
			);
			path = MHMozaic;
			sourceTree = "<group>";
		};
		A5CE29972109087300DE9030 /* Source */ = {
			isa = PBXGroup;
			children = (
				A5CE2999210908C500DE9030 /* DynamicTileLayout.swift */,
				A5CE2998210908C500DE9030 /* SchemaFactory.swift */,
			);
			path = Source;
			sourceTree = "<group>";
		};
/* End PBXGroup section */

/* Begin PBXNativeTarget section */
		A5CE29812109086800DE9030 /* MHMozaic */ = {
			isa = PBXNativeTarget;
			buildConfigurationList = A5CE29942109086A00DE9030 /* Build configuration list for PBXNativeTarget "MHMozaic" */;
			buildPhases = (
				A5CE297E2109086800DE9030 /* Sources */,
				A5CE297F2109086800DE9030 /* Frameworks */,
				A5CE29802109086800DE9030 /* Resources */,
			);
			buildRules = (
			);
			dependencies = (
			);
			name = MHMozaic;
			productName = MHMozaic;
			productReference = A5CE29822109086800DE9030 /* MHMozaic.app */;
			productType = "com.apple.product-type.application";
		};
/* End PBXNativeTarget section */

/* Begin PBXProject section */
		A5CE297A2109086800DE9030 /* Project object */ = {
			isa = PBXProject;
			attributes = {
				LastSwiftUpdateCheck = 0940;
				LastUpgradeCheck = 0940;
				ORGANIZATIONNAME = "The Dark Dimension";
				TargetAttributes = {
					A5CE29812109086800DE9030 = {
						CreatedOnToolsVersion = 9.4.1;
					};
				};
			};
			buildConfigurationList = A5CE297D2109086800DE9030 /* Build configuration list for PBXProject "MHMozaic" */;
			compatibilityVersion = "Xcode 9.3";
			developmentRegion = en;
			hasScannedForEncodings = 0;
			knownRegions = (
				en,
				Base,
			);
			mainGroup = A5CE29792109086800DE9030;
			productRefGroup = A5CE29832109086800DE9030 /* Products */;
			projectDirPath = "";
			projectRoot = "";
			targets = (
				A5CE29812109086800DE9030 /* MHMozaic */,
			);
		};
/* End PBXProject section */

/* Begin PBXResourcesBuildPhase section */
		A5CE29802109086800DE9030 /* Resources */ = {
			isa = PBXResourcesBuildPhase;
			buildActionMask = 2147483647;
			files = (
				A5CE29902109086A00DE9030 /* LaunchScreen.storyboard in Resources */,
				A5CE298D2109086A00DE9030 /* Assets.xcassets in Resources */,
				A5CE298B2109086900DE9030 /* Main.storyboard in Resources */,
			);
			runOnlyForDeploymentPostprocessing = 0;
		};
/* End PBXResourcesBuildPhase section */

/* Begin PBXSourcesBuildPhase section */
		A5CE297E2109086800DE9030 /* Sources */ = {
			isa = PBXSourcesBuildPhase;
			buildActionMask = 2147483647;
			files = (
				A5CE29882109086900DE9030 /* ViewController.swift in Sources */,
				A5CE29862109086900DE9030 /* AppDelegate.swift in Sources */,
				A5CE299A210908C600DE9030 /* SchemaFactory.swift in Sources */,
				A5CE299B210908C600DE9030 /* DynamicTileLayout.swift in Sources */,
				A5CE299D21090A8F00DE9030 /* CollectionCell.swift in Sources */,
			);
			runOnlyForDeploymentPostprocessing = 0;
		};
/* End PBXSourcesBuildPhase section */

/* Begin PBXVariantGroup section */
		A5CE29892109086900DE9030 /* Main.storyboard */ = {
			isa = PBXVariantGroup;
			children = (
				A5CE298A2109086900DE9030 /* Base */,
			);
			name = Main.storyboard;
			sourceTree = "<group>";
		};
		A5CE298E2109086A00DE9030 /* LaunchScreen.storyboard */ = {
			isa = PBXVariantGroup;
			children = (
				A5CE298F2109086A00DE9030 /* Base */,
			);
			name = LaunchScreen.storyboard;
			sourceTree = "<group>";
		};
/* End PBXVariantGroup section */

/* Begin XCBuildConfiguration section */
		A5CE29922109086A00DE9030 /* Debug */ = {
			isa = XCBuildConfiguration;
			buildSettings = {
				ALWAYS_SEARCH_USER_PATHS = NO;
				CLANG_ANALYZER_NONNULL = YES;
				CLANG_ANALYZER_NUMBER_OBJECT_CONVERSION = YES_AGGRESSIVE;
				CLANG_CXX_LANGUAGE_STANDARD = "gnu++14";
				CLANG_CXX_LIBRARY = "libc++";
				CLANG_ENABLE_MODULES = YES;
				CLANG_ENABLE_OBJC_ARC = YES;
				CLANG_ENABLE_OBJC_WEAK = YES;
				CLANG_WARN_BLOCK_CAPTURE_AUTORELEASING = YES;
				CLANG_WARN_BOOL_CONVERSION = YES;
				CLANG_WARN_COMMA = YES;
				CLANG_WARN_CONSTANT_CONVERSION = YES;
				CLANG_WARN_DEPRECATED_OBJC_IMPLEMENTATIONS = YES;
				CLANG_WARN_DIRECT_OBJC_ISA_USAGE = YES_ERROR;
				CLANG_WARN_DOCUMENTATION_COMMENTS = YES;
				CLANG_WARN_EMPTY_BODY = YES;
				CLANG_WARN_ENUM_CONVERSION = YES;
				CLANG_WARN_INFINITE_RECURSION = YES;
				CLANG_WARN_INT_CONVERSION = YES;
				CLANG_WARN_NON_LITERAL_NULL_CONVERSION = YES;
				CLANG_WARN_OBJC_IMPLICIT_RETAIN_SELF = YES;
				CLANG_WARN_OBJC_LITERAL_CONVERSION = YES;
				CLANG_WARN_OBJC_ROOT_CLASS = YES_ERROR;
				CLANG_WARN_RANGE_LOOP_ANALYSIS = YES;
				CLANG_WARN_STRICT_PROTOTYPES = YES;
				CLANG_WARN_SUSPICIOUS_MOVE = YES;
				CLANG_WARN_UNGUARDED_AVAILABILITY = YES_AGGRESSIVE;
				CLANG_WARN_UNREACHABLE_CODE = YES;
				CLANG_WARN__DUPLICATE_METHOD_MATCH = YES;
				CODE_SIGN_IDENTITY = "iPhone Developer";
				COPY_PHASE_STRIP = NO;
				DEBUG_INFORMATION_FORMAT = dwarf;
				ENABLE_STRICT_OBJC_MSGSEND = YES;
				ENABLE_TESTABILITY = YES;
				GCC_C_LANGUAGE_STANDARD = gnu11;
				GCC_DYNAMIC_NO_PIC = NO;
				GCC_NO_COMMON_BLOCKS = YES;
				GCC_OPTIMIZATION_LEVEL = 0;
				GCC_PREPROCESSOR_DEFINITIONS = (
					"DEBUG=1",
					"$(inherited)",
				);
				GCC_WARN_64_TO_32_BIT_CONVERSION = YES;
				GCC_WARN_ABOUT_RETURN_TYPE = YES_ERROR;
				GCC_WARN_UNDECLARED_SELECTOR = YES;
				GCC_WARN_UNINITIALIZED_AUTOS = YES_AGGRESSIVE;
				GCC_WARN_UNUSED_FUNCTION = YES;
				GCC_WARN_UNUSED_VARIABLE = YES;
				IPHONEOS_DEPLOYMENT_TARGET = 11.4;
				MTL_ENABLE_DEBUG_INFO = YES;
				ONLY_ACTIVE_ARCH = YES;
				SDKROOT = iphoneos;
				SWIFT_ACTIVE_COMPILATION_CONDITIONS = DEBUG;
				SWIFT_OPTIMIZATION_LEVEL = "-Onone";
			};
			name = Debug;
		};
		A5CE29932109086A00DE9030 /* Release */ = {
			isa = XCBuildConfiguration;
			buildSettings = {
				ALWAYS_SEARCH_USER_PATHS = NO;
				CLANG_ANALYZER_NONNULL = YES;
				CLANG_ANALYZER_NUMBER_OBJECT_CONVERSION = YES_AGGRESSIVE;
				CLANG_CXX_LANGUAGE_STANDARD = "gnu++14";
				CLANG_CXX_LIBRARY = "libc++";
				CLANG_ENABLE_MODULES = YES;
				CLANG_ENABLE_OBJC_ARC = YES;
				CLANG_ENABLE_OBJC_WEAK = YES;
				CLANG_WARN_BLOCK_CAPTURE_AUTORELEASING = YES;
				CLANG_WARN_BOOL_CONVERSION = YES;
				CLANG_WARN_COMMA = YES;
				CLANG_WARN_CONSTANT_CONVERSION = YES;
				CLANG_WARN_DEPRECATED_OBJC_IMPLEMENTATIONS = YES;
				CLANG_WARN_DIRECT_OBJC_ISA_USAGE = YES_ERROR;
				CLANG_WARN_DOCUMENTATION_COMMENTS = YES;
				CLANG_WARN_EMPTY_BODY = YES;
				CLANG_WARN_ENUM_CONVERSION = YES;
				CLANG_WARN_INFINITE_RECURSION = YES;
				CLANG_WARN_INT_CONVERSION = YES;
				CLANG_WARN_NON_LITERAL_NULL_CONVERSION = YES;
				CLANG_WARN_OBJC_IMPLICIT_RETAIN_SELF = YES;
				CLANG_WARN_OBJC_LITERAL_CONVERSION = YES;
				CLANG_WARN_OBJC_ROOT_CLASS = YES_ERROR;
				CLANG_WARN_RANGE_LOOP_ANALYSIS = YES;
				CLANG_WARN_STRICT_PROTOTYPES = YES;
				CLANG_WARN_SUSPICIOUS_MOVE = YES;
				CLANG_WARN_UNGUARDED_AVAILABILITY = YES_AGGRESSIVE;
				CLANG_WARN_UNREACHABLE_CODE = YES;
				CLANG_WARN__DUPLICATE_METHOD_MATCH = YES;
				CODE_SIGN_IDENTITY = "iPhone Developer";
				COPY_PHASE_STRIP = NO;
				DEBUG_INFORMATION_FORMAT = "dwarf-with-dsym";
				ENABLE_NS_ASSERTIONS = NO;
				ENABLE_STRICT_OBJC_MSGSEND = YES;
				GCC_C_LANGUAGE_STANDARD = gnu11;
				GCC_NO_COMMON_BLOCKS = YES;
				GCC_WARN_64_TO_32_BIT_CONVERSION = YES;
				GCC_WARN_ABOUT_RETURN_TYPE = YES_ERROR;
				GCC_WARN_UNDECLARED_SELECTOR = YES;
				GCC_WARN_UNINITIALIZED_AUTOS = YES_AGGRESSIVE;
				GCC_WARN_UNUSED_FUNCTION = YES;
				GCC_WARN_UNUSED_VARIABLE = YES;
				IPHONEOS_DEPLOYMENT_TARGET = 11.4;
				MTL_ENABLE_DEBUG_INFO = NO;
				SDKROOT = iphoneos;
				SWIFT_COMPILATION_MODE = wholemodule;
				SWIFT_OPTIMIZATION_LEVEL = "-O";
				VALIDATE_PRODUCT = YES;
			};
			name = Release;
		};
		A5CE29952109086A00DE9030 /* Debug */ = {
			isa = XCBuildConfiguration;
			buildSettings = {
				ASSETCATALOG_COMPILER_APPICON_NAME = AppIcon;
				CODE_SIGN_STYLE = Automatic;
				DEVELOPMENT_TEAM = 6XF42ZHPGY;
				INFOPLIST_FILE = MHMozaic/Info.plist;
				LD_RUNPATH_SEARCH_PATHS = (
					"$(inherited)",
					"@executable_path/Frameworks",
				);
				PRODUCT_BUNDLE_IDENTIFIER = com.thedarkdimension.MHMozaic;
				PRODUCT_NAME = "$(TARGET_NAME)";
				SWIFT_VERSION = 4.0;
				TARGETED_DEVICE_FAMILY = "1,2";
			};
			name = Debug;
		};
		A5CE29962109086A00DE9030 /* Release */ = {
			isa = XCBuildConfiguration;
			buildSettings = {
				ASSETCATALOG_COMPILER_APPICON_NAME = AppIcon;
				CODE_SIGN_STYLE = Automatic;
				DEVELOPMENT_TEAM = 6XF42ZHPGY;
				INFOPLIST_FILE = MHMozaic/Info.plist;
				LD_RUNPATH_SEARCH_PATHS = (
					"$(inherited)",
					"@executable_path/Frameworks",
				);
				PRODUCT_BUNDLE_IDENTIFIER = com.thedarkdimension.MHMozaic;
				PRODUCT_NAME = "$(TARGET_NAME)";
				SWIFT_VERSION = 4.0;
				TARGETED_DEVICE_FAMILY = "1,2";
			};
			name = Release;
		};
/* End XCBuildConfiguration section */

/* Begin XCConfigurationList section */
		A5CE297D2109086800DE9030 /* Build configuration list for PBXProject "MHMozaic" */ = {
			isa = XCConfigurationList;
			buildConfigurations = (
				A5CE29922109086A00DE9030 /* Debug */,
				A5CE29932109086A00DE9030 /* Release */,
			);
			defaultConfigurationIsVisible = 0;
			defaultConfigurationName = Release;
		};
		A5CE29942109086A00DE9030 /* Build configuration list for PBXNativeTarget "MHMozaic" */ = {
			isa = XCConfigurationList;
			buildConfigurations = (
				A5CE29952109086A00DE9030 /* Debug */,
				A5CE29962109086A00DE9030 /* Release */,
			);
			defaultConfigurationIsVisible = 0;
			defaultConfigurationName = Release;
		};
/* End XCConfigurationList section */
	};
	rootObject = A5CE297A2109086800DE9030 /* Project object */;
}
